
Microsoft Visual Studio Solution File, Format Version 12.00
# Visual Studio Version 16
VisualStudioVersion = 16.0.28803.352
MinimumVisualStudioVersion = 10.0.40219.1
Project("{9A19103F-16F7-4668-BE54-9A1E7A4F7556}") = "LighthouseAuditAggregator", "LighthouseAuditAggregator.csproj", "{622F71CB-9584-4024-9285-C96853841DB4}"
EndProject
Global
	GlobalSection(SolutionConfigurationPlatforms) = preSolution
		Debug|Any CPU = Debug|Any CPU
		Release|Any CPU = Release|Any CPU
	EndGlobalSection
	GlobalSection(ProjectConfigurationPlatforms) = postSolution
		{622F71CB-9584-4024-9285-C96853841DB4}.Debug|Any CPU.ActiveCfg = Debug|Any CPU
		{622F71CB-9584-4024-9285-C96853841DB4}.Debug|Any CPU.Build.0 = Debug|Any CPU
		{622F71CB-9584-4024-9285-C96853841DB4}.Release|Any CPU.ActiveCfg = Release|Any CPU
		{622F71CB-9584-4024-9285-C96853841DB4}.Release|Any CPU.Build.0 = Release|Any CPU
	EndGlobalSection
	GlobalSection(SolutionProperties) = preSolution
		HideSolutionNode = FALSE
	EndGlobalSection
	GlobalSection(ExtensibilityGlobals) = postSolution
		SolutionGuid = {23FF5B9A-D4B2-40AF-96D9-3AE0ABEC125F}
	EndGlobalSection
EndGlobal
